// !$*UTF8*$!
{
	archiveVersion = 1;
	classes = {
	};
	objectVersion = 48;
	objects = {

/* Begin PBXBuildFile section */
		DC1AE5F6203F155200FF8359 /* DoubleNode.cpp in Sources */ = {isa = PBXBuildFile; fileRef = DC1AE5F4203F155200FF8359 /* DoubleNode.cpp */; };
		DC522E5F20470EAB00A206A5 /* TestingStacksAndQueues.cpp in Sources */ = {isa = PBXBuildFile; fileRef = DC522E5D20470EAB00A206A5 /* TestingStacksAndQueues.cpp */; };
		DC67DAE2204D8F46007D4090 /* RecursionTester.cpp in Sources */ = {isa = PBXBuildFile; fileRef = DC67DAE0204D8F46007D4090 /* RecursionTester.cpp */; };
		DC67F560205AB37C00DBAAD8 /* SortingTester.cpp in Sources */ = {isa = PBXBuildFile; fileRef = DC67F55E205AB37C00DBAAD8 /* SortingTester.cpp */; };
		DC99EEAB20220CA40011ADF5 /* FileController.cpp in Sources */ = {isa = PBXBuildFile; fileRef = DC99EEA920220CA40011ADF5 /* FileController.cpp */; };
		DC99EEAE20220CB60011ADF5 /* Controller.cpp in Sources */ = {isa = PBXBuildFile; fileRef = DC99EEAC20220CB60011ADF5 /* Controller.cpp */; };
		DC99EEB220220CDD0011ADF5 /* Runner.cpp in Sources */ = {isa = PBXBuildFile; fileRef = DC99EEB020220CDD0011ADF5 /* Runner.cpp */; };
		DC99EEB920220F590011ADF5 /* Timer.cpp in Sources */ = {isa = PBXBuildFile; fileRef = DC99EEB720220F590011ADF5 /* Timer.cpp */; };
		DC99EEBB20221F330011ADF5 /* CrimeData.cpp in Sources */ = {isa = PBXBuildFile; fileRef = DC99EEBA20221F310011ADF5 /* CrimeData.cpp */; };
		DC9FF0912029F7F300023312 /* Array.cpp in Sources */ = {isa = PBXBuildFile; fileRef = DC9FF08F2029F7F300023312 /* Array.cpp */; };
		DC9FF095202A001E00023312 /* ArrayTester.cpp in Sources */ = {isa = PBXBuildFile; fileRef = DC9FF093202A001E00023312 /* ArrayTester.cpp */; };
		DC9FF099202A10B600023312 /* Node.cpp in Sources */ = {isa = PBXBuildFile; fileRef = DC9FF097202A10B600023312 /* Node.cpp */; };
/* End PBXBuildFile section */

/* Begin PBXCopyFilesBuildPhase section */
		DC99EE9920220B7F0011ADF5 /* CopyFiles */ = {
			isa = PBXCopyFilesBuildPhase;
			buildActionMask = 2147483647;
			dstPath = /usr/share/man/man1/;
			dstSubfolderSpec = 0;
			files = (
			);
			runOnlyForDeploymentPostprocessing = 1;
		};
/* End PBXCopyFilesBuildPhase section */

/* Begin PBXFileReference section */
		DC1AE5E9203F140200FF8359 /* LinkedList.hpp */ = {isa = PBXFileReference; lastKnownFileType = sourcecode.cpp.h; path = LinkedList.hpp; sourceTree = "<group>"; };
		DC1AE5EC203F14C200FF8359 /* Queue.hpp */ = {isa = PBXFileReference; lastKnownFileType = sourcecode.cpp.h; path = Queue.hpp; sourceTree = "<group>"; };
		DC1AE5EF203F14E700FF8359 /* Stack.hpp */ = {isa = PBXFileReference; lastKnownFileType = sourcecode.cpp.h; path = Stack.hpp; sourceTree = "<group>"; };
		DC1AE5F2203F151B00FF8359 /* CircularList.hpp */ = {isa = PBXFileReference; lastKnownFileType = sourcecode.cpp.h; path = CircularList.hpp; sourceTree = "<group>"; };
		DC1AE5F4203F155200FF8359 /* DoubleNode.cpp */ = {isa = PBXFileReference; lastKnownFileType = sourcecode.cpp.cpp; path = DoubleNode.cpp; sourceTree = "<group>"; };
		DC1AE5F5203F155200FF8359 /* DoubleNode.hpp */ = {isa = PBXFileReference; lastKnownFileType = sourcecode.cpp.h; path = DoubleNode.hpp; sourceTree = "<group>"; };
		DC2ACCF6203C6F48008E0DBC /* List.hpp */ = {isa = PBXFileReference; lastKnownFileType = sourcecode.cpp.h; path = List.hpp; sourceTree = "<group>"; };
		DC522E5D20470EAB00A206A5 /* TestingStacksAndQueues.cpp */ = {isa = PBXFileReference; lastKnownFileType = sourcecode.cpp.cpp; path = TestingStacksAndQueues.cpp; sourceTree = "<group>"; };
		DC522E5E20470EAB00A206A5 /* TestingStacksAndQueues.hpp */ = {isa = PBXFileReference; lastKnownFileType = sourcecode.cpp.h; path = TestingStacksAndQueues.hpp; sourceTree = "<group>"; };
		DC67DAE0204D8F46007D4090 /* RecursionTester.cpp */ = {isa = PBXFileReference; lastKnownFileType = sourcecode.cpp.cpp; path = RecursionTester.cpp; sourceTree = "<group>"; };
		DC67DAE1204D8F46007D4090 /* RecursionTester.hpp */ = {isa = PBXFileReference; lastKnownFileType = sourcecode.cpp.h; path = RecursionTester.hpp; sourceTree = "<group>"; };
		DC67F55E205AB37C00DBAAD8 /* SortingTester.cpp */ = {isa = PBXFileReference; lastKnownFileType = sourcecode.cpp.cpp; path = SortingTester.cpp; sourceTree = "<group>"; };
		DC67F55F205AB37C00DBAAD8 /* SortingTester.hpp */ = {isa = PBXFileReference; lastKnownFileType = sourcecode.cpp.h; path = SortingTester.hpp; sourceTree = "<group>"; };
		DC99EE9B20220B7F0011ADF5 /* dataStructure */ = {isa = PBXFileReference; explicitFileType = "compiled.mach-o.executable"; includeInIndex = 0; path = dataStructure; sourceTree = BUILT_PRODUCTS_DIR; };
		DC99EEA920220CA40011ADF5 /* FileController.cpp */ = {isa = PBXFileReference; lastKnownFileType = sourcecode.cpp.cpp; path = FileController.cpp; sourceTree = "<group>"; };
		DC99EEAA20220CA40011ADF5 /* FileController.hpp */ = {isa = PBXFileReference; lastKnownFileType = sourcecode.cpp.h; path = FileController.hpp; sourceTree = "<group>"; };
		DC99EEAC20220CB60011ADF5 /* Controller.cpp */ = {isa = PBXFileReference; lastKnownFileType = sourcecode.cpp.cpp; path = Controller.cpp; sourceTree = "<group>"; };
		DC99EEAD20220CB60011ADF5 /* Controller.hpp */ = {isa = PBXFileReference; lastKnownFileType = sourcecode.cpp.h; path = Controller.hpp; sourceTree = "<group>"; };
		DC99EEB020220CDD0011ADF5 /* Runner.cpp */ = {isa = PBXFileReference; lastKnownFileType = sourcecode.cpp.cpp; path = Runner.cpp; sourceTree = "<group>"; };
		DC99EEB720220F590011ADF5 /* Timer.cpp */ = {isa = PBXFileReference; lastKnownFileType = sourcecode.cpp.cpp; path = Timer.cpp; sourceTree = "<group>"; };
		DC99EEB820220F590011ADF5 /* Timer.hpp */ = {isa = PBXFileReference; lastKnownFileType = sourcecode.cpp.h; path = Timer.hpp; sourceTree = "<group>"; };
		DC99EEBA20221F310011ADF5 /* CrimeData.cpp */ = {isa = PBXFileReference; fileEncoding = 4; lastKnownFileType = sourcecode.cpp.cpp; name = CrimeData.cpp; path = ../../../../Downloads/CrimeData.cpp; sourceTree = "<group>"; };
		DC99EEBC20221F550011ADF5 /* CrimeData.hpp */ = {isa = PBXFileReference; fileEncoding = 4; lastKnownFileType = sourcecode.cpp.h; name = CrimeData.hpp; path = ../../../../Downloads/CrimeData.hpp; sourceTree = "<group>"; };
		DC9FF08F2029F7F300023312 /* Array.cpp */ = {isa = PBXFileReference; lastKnownFileType = sourcecode.cpp.cpp; path = Array.cpp; sourceTree = "<group>"; };
		DC9FF0902029F7F300023312 /* Array.hpp */ = {isa = PBXFileReference; lastKnownFileType = sourcecode.cpp.h; path = Array.hpp; sourceTree = "<group>"; };
		DC9FF093202A001E00023312 /* ArrayTester.cpp */ = {isa = PBXFileReference; lastKnownFileType = sourcecode.cpp.cpp; path = ArrayTester.cpp; sourceTree = "<group>"; };
		DC9FF094202A001E00023312 /* ArrayTester.hpp */ = {isa = PBXFileReference; lastKnownFileType = sourcecode.cpp.h; path = ArrayTester.hpp; sourceTree = "<group>"; };
		DC9FF097202A10B600023312 /* Node.cpp */ = {isa = PBXFileReference; lastKnownFileType = sourcecode.cpp.cpp; path = Node.cpp; sourceTree = "<group>"; };
		DC9FF098202A10B600023312 /* Node.hpp */ = {isa = PBXFileReference; lastKnownFileType = sourcecode.cpp.h; path = Node.hpp; sourceTree = "<group>"; };
		DCF423EF2031F8DD00063C5B /* LinearNode.hpp */ = {isa = PBXFileReference; lastKnownFileType = sourcecode.cpp.h; path = LinearNode.hpp; sourceTree = "<group>"; };
/* End PBXFileReference section */

/* Begin PBXFrameworksBuildPhase section */
		DC99EE9820220B7F0011ADF5 /* Frameworks */ = {
			isa = PBXFrameworksBuildPhase;
			buildActionMask = 2147483647;
			files = (
			);
			runOnlyForDeploymentPostprocessing = 0;
		};
/* End PBXFrameworksBuildPhase section */

/* Begin PBXGroup section */
		DC2ACCF4203C6F0C008E0DBC /* LinearStructures */ = {
			isa = PBXGroup;
			children = (
				DC9FF0902029F7F300023312 /* Array.hpp */,
				DC1AE5E9203F140200FF8359 /* LinkedList.hpp */,
				DC2ACCF6203C6F48008E0DBC /* List.hpp */,
				DC1AE5EC203F14C200FF8359 /* Queue.hpp */,
				DC1AE5EF203F14E700FF8359 /* Stack.hpp */,
				DC1AE5F2203F151B00FF8359 /* CircularList.hpp */,
			);
			path = LinearStructures;
			sourceTree = "<group>";
		};
		DC99EE9220220B7F0011ADF5 = {
			isa = PBXGroup;
			children = (
				DC99EE9D20220B7F0011ADF5 /* dataStructure */,
				DC99EEB320220D3D0011ADF5 /* Diagrams */,
				DC99EEB420220D4C0011ADF5 /* Data */,
				DC99EEAF20220CC20011ADF5 /* Controller */,
				DC99EEB520220D5A0011ADF5 /* Model */,
				DC99EE9C20220B7F0011ADF5 /* Products */,
			);
			sourceTree = "<group>";
		};
		DC99EE9C20220B7F0011ADF5 /* Products */ = {
			isa = PBXGroup;
			children = (
				DC99EE9B20220B7F0011ADF5 /* dataStructure */,
			);
			name = Products;
			sourceTree = "<group>";
		};
		DC99EE9D20220B7F0011ADF5 /* dataStructure */ = {
			isa = PBXGroup;
			children = (
				DC9FF0922029FFA000023312 /* Testers */,
				DC99EEB020220CDD0011ADF5 /* Runner.cpp */,
			);
			path = dataStructure;
			sourceTree = "<group>";
		};
		DC99EEA820220C710011ADF5 /* Testing */ = {
			isa = PBXGroup;
			children = (
				DC99EEAA20220CA40011ADF5 /* FileController.hpp */,
				DC99EEAC20220CB60011ADF5 /* Controller.cpp */,
				DC99EEAD20220CB60011ADF5 /* Controller.hpp */,
				DC67DAE0204D8F46007D4090 /* RecursionTester.cpp */,
				DC67DAE1204D8F46007D4090 /* RecursionTester.hpp */,
			);
			path = Testing;
			sourceTree = "<group>";
		};
		DC99EEAF20220CC20011ADF5 /* Controller */ = {
			isa = PBXGroup;
			children = (
				DC99EEB620220F250011ADF5 /* Tools */,
			);
			path = Controller;
			sourceTree = "<group>";
		};
		DC99EEB320220D3D0011ADF5 /* Diagrams */ = {
			isa = PBXGroup;
			children = (
			);
			path = Diagrams;
			sourceTree = "<group>";
		};
		DC99EEB420220D4C0011ADF5 /* Data */ = {
			isa = PBXGroup;
			children = (
				DC99EEBA20221F310011ADF5 /* CrimeData.cpp */,
				DC99EEBC20221F550011ADF5 /* CrimeData.hpp */,
			);
			path = Data;
			sourceTree = "<group>";
		};
		DC99EEB520220D5A0011ADF5 /* Model */ = {
			isa = PBXGroup;
			children = (
				DC2ACCF4203C6F0C008E0DBC /* LinearStructures */,
				DC9FF096202A108500023312 /* Nodes */,
				DC9FF08F2029F7F300023312 /* Array.cpp */,
			);
			path = Model;
			sourceTree = "<group>";
		};
		DC99EEB620220F250011ADF5 /* Tools */ = {
			isa = PBXGroup;
			children = (
				DC99EEB720220F590011ADF5 /* Timer.cpp */,
				DC99EEB820220F590011ADF5 /* Timer.hpp */,
				DC99EEA820220C710011ADF5 /* Testing */,
				DC99EEA920220CA40011ADF5 /* FileController.cpp */,
			);
			path = Tools;
			sourceTree = "<group>";
		};
		DC9FF0922029FFA000023312 /* Testers */ = {
			isa = PBXGroup;
			children = (
				DC9FF093202A001E00023312 /* ArrayTester.cpp */,
				DC9FF094202A001E00023312 /* ArrayTester.hpp */,
				DC522E5D20470EAB00A206A5 /* TestingStacksAndQueues.cpp */,
				DC522E5E20470EAB00A206A5 /* TestingStacksAndQueues.hpp */,
				DC67F55E205AB37C00DBAAD8 /* SortingTester.cpp */,
				DC67F55F205AB37C00DBAAD8 /* SortingTester.hpp */,
			);
			path = Testers;
			sourceTree = "<group>";
		};
		DC9FF096202A108500023312 /* Nodes */ = {
			isa = PBXGroup;
			children = (
				DCF423EF2031F8DD00063C5B /* LinearNode.hpp */,
				DC9FF098202A10B600023312 /* Node.hpp */,
				DC1AE5F5203F155200FF8359 /* DoubleNode.hpp */,
				DC9FF097202A10B600023312 /* Node.cpp */,
				DC1AE5F4203F155200FF8359 /* DoubleNode.cpp */,
			);
			path = Nodes;
			sourceTree = "<group>";
		};
/* End PBXGroup section */

/* Begin PBXNativeTarget section */
		DC99EE9A20220B7F0011ADF5 /* dataStructure */ = {
			isa = PBXNativeTarget;
			buildConfigurationList = DC99EEA220220B7F0011ADF5 /* Build configuration list for PBXNativeTarget "dataStructure" */;
			buildPhases = (
				DC99EE9720220B7F0011ADF5 /* Sources */,
				DC99EE9820220B7F0011ADF5 /* Frameworks */,
				DC99EE9920220B7F0011ADF5 /* CopyFiles */,
			);
			buildRules = (
			);
			dependencies = (
			);
			name = dataStructure;
			productName = dataStructure;
			productReference = DC99EE9B20220B7F0011ADF5 /* dataStructure */;
			productType = "com.apple.product-type.tool";
		};
/* End PBXNativeTarget section */

/* Begin PBXProject section */
		DC99EE9320220B7F0011ADF5 /* Project object */ = {
			isa = PBXProject;
			attributes = {
				LastUpgradeCheck = 0900;
				ORGANIZATIONNAME = CTEC;
				TargetAttributes = {
					DC99EE9A20220B7F0011ADF5 = {
						CreatedOnToolsVersion = 9.0;
						ProvisioningStyle = Automatic;
					};
				};
			};
			buildConfigurationList = DC99EE9620220B7F0011ADF5 /* Build configuration list for PBXProject "dataStructure" */;
			compatibilityVersion = "Xcode 8.0";
			developmentRegion = en;
			hasScannedForEncodings = 0;
			knownRegions = (
				en,
			);
			mainGroup = DC99EE9220220B7F0011ADF5;
			productRefGroup = DC99EE9C20220B7F0011ADF5 /* Products */;
			projectDirPath = "";
			projectRoot = "";
			targets = (
				DC99EE9A20220B7F0011ADF5 /* dataStructure */,
			);
		};
/* End PBXProject section */

/* Begin PBXSourcesBuildPhase section */
		DC99EE9720220B7F0011ADF5 /* Sources */ = {
			isa = PBXSourcesBuildPhase;
			buildActionMask = 2147483647;
			files = (
				DC99EEB220220CDD0011ADF5 /* Runner.cpp in Sources */,
				DC522E5F20470EAB00A206A5 /* TestingStacksAndQueues.cpp in Sources */,
				DC99EEBB20221F330011ADF5 /* CrimeData.cpp in Sources */,
				DC67F560205AB37C00DBAAD8 /* SortingTester.cpp in Sources */,
				DC99EEAB20220CA40011ADF5 /* FileController.cpp in Sources */,
				DC99EEAE20220CB60011ADF5 /* Controller.cpp in Sources */,
				DC1AE5F6203F155200FF8359 /* DoubleNode.cpp in Sources */,
				DC99EEB920220F590011ADF5 /* Timer.cpp in Sources */,
				DC9FF095202A001E00023312 /* ArrayTester.cpp in Sources */,
				DC67DAE2204D8F46007D4090 /* RecursionTester.cpp in Sources */,
				DC9FF0912029F7F300023312 /* Array.cpp in Sources */,
				DC9FF099202A10B600023312 /* Node.cpp in Sources */,
			);
			runOnlyForDeploymentPostprocessing = 0;
		};
/* End PBXSourcesBuildPhase section */

/* Begin XCBuildConfiguration section */
		DC99EEA020220B7F0011ADF5 /* Debug */ = {
			isa = XCBuildConfiguration;
			buildSettings = {
				ALWAYS_SEARCH_USER_PATHS = NO;
				CLANG_ANALYZER_NONNULL = YES;
				CLANG_ANALYZER_NUMBER_OBJECT_CONVERSION = YES_AGGRESSIVE;
				CLANG_CXX_LANGUAGE_STANDARD = "gnu++14";
				CLANG_CXX_LIBRARY = "libc++";
				CLANG_ENABLE_MODULES = YES;
				CLANG_ENABLE_OBJC_ARC = YES;
				CLANG_WARN_BLOCK_CAPTURE_AUTORELEASING = YES;
				CLANG_WARN_BOOL_CONVERSION = YES;
				CLANG_WARN_COMMA = YES;
				CLANG_WARN_CONSTANT_CONVERSION = YES;
				CLANG_WARN_DIRECT_OBJC_ISA_USAGE = YES_ERROR;
				CLANG_WARN_DOCUMENTATION_COMMENTS = YES;
				CLANG_WARN_EMPTY_BODY = YES;
				CLANG_WARN_ENUM_CONVERSION = YES;
				CLANG_WARN_INFINITE_RECURSION = YES;
				CLANG_WARN_INT_CONVERSION = YES;
				CLANG_WARN_NON_LITERAL_NULL_CONVERSION = YES;
				CLANG_WARN_OBJC_LITERAL_CONVERSION = YES;
				CLANG_WARN_OBJC_ROOT_CLASS = YES_ERROR;
				CLANG_WARN_RANGE_LOOP_ANALYSIS = YES;
				CLANG_WARN_STRICT_PROTOTYPES = YES;
				CLANG_WARN_SUSPICIOUS_MOVE = YES;
				CLANG_WARN_UNGUARDED_AVAILABILITY = YES_AGGRESSIVE;
				CLANG_WARN_UNREACHABLE_CODE = YES;
				CLANG_WARN__DUPLICATE_METHOD_MATCH = YES;
				CODE_SIGN_IDENTITY = "Mac Developer";
				COPY_PHASE_STRIP = NO;
				DEBUG_INFORMATION_FORMAT = dwarf;
				ENABLE_STRICT_OBJC_MSGSEND = YES;
				ENABLE_TESTABILITY = YES;
				GCC_C_LANGUAGE_STANDARD = gnu11;
				GCC_DYNAMIC_NO_PIC = NO;
				GCC_NO_COMMON_BLOCKS = YES;
				GCC_OPTIMIZATION_LEVEL = 0;
				GCC_PREPROCESSOR_DEFINITIONS = (
					"DEBUG=1",
					"$(inherited)",
				);
				GCC_WARN_64_TO_32_BIT_CONVERSION = YES;
				GCC_WARN_ABOUT_RETURN_TYPE = YES_ERROR;
				GCC_WARN_UNDECLARED_SELECTOR = YES;
				GCC_WARN_UNINITIALIZED_AUTOS = YES_AGGRESSIVE;
				GCC_WARN_UNUSED_FUNCTION = YES;
				GCC_WARN_UNUSED_VARIABLE = YES;
				MACOSX_DEPLOYMENT_TARGET = 10.12;
				MTL_ENABLE_DEBUG_INFO = YES;
				ONLY_ACTIVE_ARCH = YES;
				SDKROOT = macosx;
			};
			name = Debug;
		};
		DC99EEA120220B7F0011ADF5 /* Release */ = {
			isa = XCBuildConfiguration;
			buildSettings = {
				ALWAYS_SEARCH_USER_PATHS = NO;
				CLANG_ANALYZER_NONNULL = YES;
				CLANG_ANALYZER_NUMBER_OBJECT_CONVERSION = YES_AGGRESSIVE;
				CLANG_CXX_LANGUAGE_STANDARD = "gnu++14";
				CLANG_CXX_LIBRARY = "libc++";
				CLANG_ENABLE_MODULES = YES;
				CLANG_ENABLE_OBJC_ARC = YES;
				CLANG_WARN_BLOCK_CAPTURE_AUTORELEASING = YES;
				CLANG_WARN_BOOL_CONVERSION = YES;
				CLANG_WARN_COMMA = YES;
				CLANG_WARN_CONSTANT_CONVERSION = YES;
				CLANG_WARN_DIRECT_OBJC_ISA_USAGE = YES_ERROR;
				CLANG_WARN_DOCUMENTATION_COMMENTS = YES;
				CLANG_WARN_EMPTY_BODY = YES;
				CLANG_WARN_ENUM_CONVERSION = YES;
				CLANG_WARN_INFINITE_RECURSION = YES;
				CLANG_WARN_INT_CONVERSION = YES;
				CLANG_WARN_NON_LITERAL_NULL_CONVERSION = YES;
				CLANG_WARN_OBJC_LITERAL_CONVERSION = YES;
				CLANG_WARN_OBJC_ROOT_CLASS = YES_ERROR;
				CLANG_WARN_RANGE_LOOP_ANALYSIS = YES;
				CLANG_WARN_STRICT_PROTOTYPES = YES;
				CLANG_WARN_SUSPICIOUS_MOVE = YES;
				CLANG_WARN_UNGUARDED_AVAILABILITY = YES_AGGRESSIVE;
				CLANG_WARN_UNREACHABLE_CODE = YES;
				CLANG_WARN__DUPLICATE_METHOD_MATCH = YES;
				CODE_SIGN_IDENTITY = "Mac Developer";
				COPY_PHASE_STRIP = NO;
				DEBUG_INFORMATION_FORMAT = "dwarf-with-dsym";
				ENABLE_NS_ASSERTIONS = NO;
				ENABLE_STRICT_OBJC_MSGSEND = YES;
				GCC_C_LANGUAGE_STANDARD = gnu11;
				GCC_NO_COMMON_BLOCKS = YES;
				GCC_WARN_64_TO_32_BIT_CONVERSION = YES;
				GCC_WARN_ABOUT_RETURN_TYPE = YES_ERROR;
				GCC_WARN_UNDECLARED_SELECTOR = YES;
				GCC_WARN_UNINITIALIZED_AUTOS = YES_AGGRESSIVE;
				GCC_WARN_UNUSED_FUNCTION = YES;
				GCC_WARN_UNUSED_VARIABLE = YES;
				MACOSX_DEPLOYMENT_TARGET = 10.12;
				MTL_ENABLE_DEBUG_INFO = NO;
				SDKROOT = macosx;
			};
			name = Release;
		};
		DC99EEA320220B7F0011ADF5 /* Debug */ = {
			isa = XCBuildConfiguration;
			buildSettings = {
				CODE_SIGN_STYLE = Automatic;
				DEVELOPMENT_TEAM = X77K8LBKTS;
				PRODUCT_NAME = "$(TARGET_NAME)";
			};
			name = Debug;
		};
		DC99EEA420220B7F0011ADF5 /* Release */ = {
			isa = XCBuildConfiguration;
			buildSettings = {
				CODE_SIGN_STYLE = Automatic;
				DEVELOPMENT_TEAM = X77K8LBKTS;
				PRODUCT_NAME = "$(TARGET_NAME)";
			};
			name = Release;
		};
/* End XCBuildConfiguration section */

/* Begin XCConfigurationList section */
		DC99EE9620220B7F0011ADF5 /* Build configuration list for PBXProject "dataStructure" */ = {
			isa = XCConfigurationList;
			buildConfigurations = (
				DC99EEA020220B7F0011ADF5 /* Debug */,
				DC99EEA120220B7F0011ADF5 /* Release */,
			);
			defaultConfigurationIsVisible = 0;
			defaultConfigurationName = Release;
		};
		DC99EEA220220B7F0011ADF5 /* Build configuration list for PBXNativeTarget "dataStructure" */ = {
			isa = XCConfigurationList;
			buildConfigurations = (
				DC99EEA320220B7F0011ADF5 /* Debug */,
				DC99EEA420220B7F0011ADF5 /* Release */,
			);
			defaultConfigurationIsVisible = 0;
			defaultConfigurationName = Release;
		};
/* End XCConfigurationList section */
	};
	rootObject = DC99EE9320220B7F0011ADF5 /* Project object */;
}
